# THIS IS AN AUTOGENERATED FILE. DO NOT EDIT THIS FILE DIRECTLY.
# yarn lockfile v1


esbuild@^0.8.54:
  version "0.8.54"
  resolved "https://registry.yarnpkg.com/esbuild/-/esbuild-0.8.54.tgz#2f32ff80e95c69a0f25b799d76a27c05e2857cdf"
  integrity sha512-DJH38OiTgXJxFb/EhHrCrY8eGmtdkTtWymHpN9IYN9AF+4jykT0dQArr7wzFejpVbaB0TMIq2+vfNRWr3LXpvw==

graphql-ws@^4.2.0:
  version "4.2.0"
  resolved "https://registry.yarnpkg.com/graphql-ws/-/graphql-ws-4.2.0.tgz#dfb8e355d3a226672ec682ea517b64e9e7e006a3"
  integrity sha512-tPdRAFfl9Ypx+evsSYFa3nTGVcSKKaOMhTlOD7eEbiMpsb2hi6XJeSyenrH/hgf5+Q3v3GV6aZ9R/UEjakl7eQ==

graphql@^15.5.0:
  version "15.5.0"
  resolved "https://registry.yarnpkg.com/graphql/-/graphql-15.5.0.tgz#39d19494dbe69d1ea719915b578bf920344a69d5"
  integrity sha512-OmaM7y0kaK31NKG31q4YbD2beNYa6jBBKtMFT6gLYJljHLJr42IqJ8KX08u3Li/0ifzTU5HjmoOOrwa5BRLeDA==
